
Microsoft Visual Studio Solution File, Format Version 12.00
# Visual Studio Version 16
VisualStudioVersion = 16.0.29215.179
MinimumVisualStudioVersion = 10.0.40219.1
Project("{9A19103F-16F7-4668-BE54-9A1E7A4F7556}") = "StartOnion.Camada.Dominio", "StartOnion.Camada.Dominio\StartOnion.Camada.Dominio.csproj", "{8E3C776C-0602-4642-8790-2936DB6D3694}"
EndProject
Project("{2150E333-8FDC-42A3-9474-1A3956D46DE8}") = "Testes", "Testes", "{C1DBD93E-136C-4833-97D2-88B548B0D7D6}"
EndProject
Project("{2150E333-8FDC-42A3-9474-1A3956D46DE8}") = "TestesDeUnidade", "TestesDeUnidade", "{F9C7669B-665A-4244-A154-63EC2B0B0A54}"
EndProject
Project("{9A19103F-16F7-4668-BE54-9A1E7A4F7556}") = "StartOnion.Camada.Dominio.TestesDeUnidade", "StartOnion.Camada.Dominio.TestesDeUnidade\StartOnion.Camada.Dominio.TestesDeUnidade.csproj", "{6FCDE1F4-AC1F-4AAA-811B-AA667BC89D52}"
EndProject
Project("{9A19103F-16F7-4668-BE54-9A1E7A4F7556}") = "StartOnion.Camada.Aplicacao", "StartOnion.Camada.Aplicacao\StartOnion.Camada.Aplicacao.csproj", "{2E0AF625-4E82-4333-BBB3-5431676F3E80}"
EndProject
Project("{9A19103F-16F7-4668-BE54-9A1E7A4F7556}") = "StartOnion.Camada.CrossCutting", "StartOnion.Camada.CrossCutting\StartOnion.Camada.CrossCutting.csproj", "{C48D7B40-FF1A-4A3E-8B57-98D340125373}"
EndProject
Project("{2150E333-8FDC-42A3-9474-1A3956D46DE8}") = "Camadas", "Camadas", "{23C7DF06-053C-4846-97E7-76A2C4BC9783}"
EndProject
Project("{2150E333-8FDC-42A3-9474-1A3956D46DE8}") = "Implementacoes", "Implementacoes", "{9633AF14-8322-436A-9F4B-D814D8E24BCE}"
EndProject
Project("{9A19103F-16F7-4668-BE54-9A1E7A4F7556}") = "StartOnion.Implementacao.Repositorio", "StartOnion.Implementacao.Repositorio\StartOnion.Implementacao.Repositorio.csproj", "{7F3021BE-6062-495E-A9A8-180EB7DE2F16}"
EndProject
Project("{2150E333-8FDC-42A3-9474-1A3956D46DE8}") = "InjecaoDeDependencia", "InjecaoDeDependencia", "{657BCE21-6A5A-4729-8872-AB9B149591D7}"
EndProject
Project("{9A19103F-16F7-4668-BE54-9A1E7A4F7556}") = "StartOnion.InjecaoDeDependencia.Dominio", "StartOnion.InjecaoDeDependencia.Dominio\StartOnion.InjecaoDeDependencia.Dominio.csproj", "{1C0D7A1B-9321-47D8-9AAD-B81C4B4BCAC4}"
EndProject
Project("{FAE04EC0-301F-11D3-BF4B-00C04F79EFBC}") = "StartOnion.InjecaoDeDependencia.Repositorio", "StartOnion.InjecaoDeDependencia.Repositorio\StartOnion.InjecaoDeDependencia.Repositorio.csproj", "{D0D6C0E2-4BAB-41E9-96BE-21175A962EC9}"
EndProject
Global
	GlobalSection(SolutionConfigurationPlatforms) = preSolution
		Debug|Any CPU = Debug|Any CPU
		Release|Any CPU = Release|Any CPU
	EndGlobalSection
	GlobalSection(ProjectConfigurationPlatforms) = postSolution
		{8E3C776C-0602-4642-8790-2936DB6D3694}.Debug|Any CPU.ActiveCfg = Debug|Any CPU
		{8E3C776C-0602-4642-8790-2936DB6D3694}.Debug|Any CPU.Build.0 = Debug|Any CPU
		{8E3C776C-0602-4642-8790-2936DB6D3694}.Release|Any CPU.ActiveCfg = Release|Any CPU
		{8E3C776C-0602-4642-8790-2936DB6D3694}.Release|Any CPU.Build.0 = Release|Any CPU
		{6FCDE1F4-AC1F-4AAA-811B-AA667BC89D52}.Debug|Any CPU.ActiveCfg = Debug|Any CPU
		{6FCDE1F4-AC1F-4AAA-811B-AA667BC89D52}.Debug|Any CPU.Build.0 = Debug|Any CPU
		{6FCDE1F4-AC1F-4AAA-811B-AA667BC89D52}.Release|Any CPU.ActiveCfg = Release|Any CPU
		{6FCDE1F4-AC1F-4AAA-811B-AA667BC89D52}.Release|Any CPU.Build.0 = Release|Any CPU
		{2E0AF625-4E82-4333-BBB3-5431676F3E80}.Debug|Any CPU.ActiveCfg = Debug|Any CPU
		{2E0AF625-4E82-4333-BBB3-5431676F3E80}.Debug|Any CPU.Build.0 = Debug|Any CPU
		{2E0AF625-4E82-4333-BBB3-5431676F3E80}.Release|Any CPU.ActiveCfg = Release|Any CPU
		{2E0AF625-4E82-4333-BBB3-5431676F3E80}.Release|Any CPU.Build.0 = Release|Any CPU
		{C48D7B40-FF1A-4A3E-8B57-98D340125373}.Debug|Any CPU.ActiveCfg = Debug|Any CPU
		{C48D7B40-FF1A-4A3E-8B57-98D340125373}.Debug|Any CPU.Build.0 = Debug|Any CPU
		{C48D7B40-FF1A-4A3E-8B57-98D340125373}.Release|Any CPU.ActiveCfg = Release|Any CPU
		{C48D7B40-FF1A-4A3E-8B57-98D340125373}.Release|Any CPU.Build.0 = Release|Any CPU
		{7F3021BE-6062-495E-A9A8-180EB7DE2F16}.Debug|Any CPU.ActiveCfg = Debug|Any CPU
		{7F3021BE-6062-495E-A9A8-180EB7DE2F16}.Debug|Any CPU.Build.0 = Debug|Any CPU
		{7F3021BE-6062-495E-A9A8-180EB7DE2F16}.Release|Any CPU.ActiveCfg = Release|Any CPU
		{7F3021BE-6062-495E-A9A8-180EB7DE2F16}.Release|Any CPU.Build.0 = Release|Any CPU
		{1C0D7A1B-9321-47D8-9AAD-B81C4B4BCAC4}.Debug|Any CPU.ActiveCfg = Debug|Any CPU
		{1C0D7A1B-9321-47D8-9AAD-B81C4B4BCAC4}.Debug|Any CPU.Build.0 = Debug|Any CPU
		{1C0D7A1B-9321-47D8-9AAD-B81C4B4BCAC4}.Release|Any CPU.ActiveCfg = Release|Any CPU
		{1C0D7A1B-9321-47D8-9AAD-B81C4B4BCAC4}.Release|Any CPU.Build.0 = Release|Any CPU
		{D0D6C0E2-4BAB-41E9-96BE-21175A962EC9}.Debug|Any CPU.ActiveCfg = Debug|Any CPU
		{D0D6C0E2-4BAB-41E9-96BE-21175A962EC9}.Debug|Any CPU.Build.0 = Debug|Any CPU
		{D0D6C0E2-4BAB-41E9-96BE-21175A962EC9}.Release|Any CPU.ActiveCfg = Release|Any CPU
		{D0D6C0E2-4BAB-41E9-96BE-21175A962EC9}.Release|Any CPU.Build.0 = Release|Any CPU
	EndGlobalSection
	GlobalSection(SolutionProperties) = preSolution
		HideSolutionNode = FALSE
	EndGlobalSection
	GlobalSection(NestedProjects) = preSolution
		{8E3C776C-0602-4642-8790-2936DB6D3694} = {23C7DF06-053C-4846-97E7-76A2C4BC9783}
		{F9C7669B-665A-4244-A154-63EC2B0B0A54} = {C1DBD93E-136C-4833-97D2-88B548B0D7D6}
		{6FCDE1F4-AC1F-4AAA-811B-AA667BC89D52} = {F9C7669B-665A-4244-A154-63EC2B0B0A54}
		{2E0AF625-4E82-4333-BBB3-5431676F3E80} = {23C7DF06-053C-4846-97E7-76A2C4BC9783}
		{C48D7B40-FF1A-4A3E-8B57-98D340125373} = {23C7DF06-053C-4846-97E7-76A2C4BC9783}
		{7F3021BE-6062-495E-A9A8-180EB7DE2F16} = {9633AF14-8322-436A-9F4B-D814D8E24BCE}
		{1C0D7A1B-9321-47D8-9AAD-B81C4B4BCAC4} = {657BCE21-6A5A-4729-8872-AB9B149591D7}
		{D0D6C0E2-4BAB-41E9-96BE-21175A962EC9} = {657BCE21-6A5A-4729-8872-AB9B149591D7}
	EndGlobalSection
	GlobalSection(ExtensibilityGlobals) = postSolution
		SolutionGuid = {EFE5A2A2-0563-4E05-9686-979C2D14E459}
	EndGlobalSection
EndGlobal
